PODS:
  - GliderLogger (2.0.0)
  - SparkNetLoger (0.1.2):
    - GliderLogger (~> 2)

DEPENDENCIES:
  - SparkNetLoger (from `..`)

SPEC REPOS:
  trunk:
    - GliderLogger

EXTERNAL SOURCES:
  SparkNetLoger:
    :path: ".."

SPEC CHECKSUMS:
  GliderLogger: 26cf5824c68e33aaba81340b3589de9a5e7b5423
  SparkNetLoger: fde063118bb91b62d4da4b523d468569900be8d4

PODFILE CHECKSUM: 6a4f36c7d4ed9bec8890e949a4a26858b7e66e23

COCOAPODS: 1.16.2
